# THIS IS AN AUTOGENERATED FILE. DO NOT EDIT THIS FILE DIRECTLY.
# yarn lockfile v1


"@types/node@*":
  version "14.11.8"
  resolved "https://registry.yarnpkg.com/@types/node/-/node-14.11.8.tgz#fe2012f2355e4ce08bca44aeb3abbb21cf88d33f"
  integrity sha512-KPcKqKm5UKDkaYPTuXSx8wEP7vE9GnuaXIZKijwRYcePpZFDVuy2a57LarFKiORbHOuTOOwYzxVxcUzsh2P2Pw==

"@types/tape@^4.13.0":
  version "4.13.0"
  resolved "https://registry.yarnpkg.com/@types/tape/-/tape-4.13.0.tgz#7a3f656f78a7eeee962fe4c8bedf016061e2d0ea"
  integrity sha512-0V8cKowBdsiA9nbxAg7531sF2cdPZNiUogcfIUeUGm+bejUBE/bvibz3rH36iQP9bQjO/sOzFwU97/uC5mCyoA==
  dependencies:
    "@types/node" "*"

zxcvbn3@^0.1.1:
  version "0.1.1"
  resolved "https://registry.yarnpkg.com/zxcvbn3/-/zxcvbn3-0.1.1.tgz#16d43fa83916f15fc2857935ffb1709952055ba7"
  integrity sha512-4tf/nEdWtRam8fH3Nrx1kwjEW2TW1lZAJYr5CHv4pd+5F+jo75sTRc6espENXS/F8uv0Fwpk62yOgktIZj5NOg==
  dependencies:
    "@types/tape" "^4.13.0"
